// !$*UTF8*$!
{
	archiveVersion = 1;
	classes = {
	};
	objectVersion = 56;
	objects = {

/* Begin PBXBuildFile section */
		391A946F2960919600802749 /* NewTaskViewController.swift in Sources */ = {isa = PBXBuildFile; fileRef = 391A946E2960919600802749 /* NewTaskViewController.swift */; };
		391AC1B7295D7FBF00DBFA34 /* AppDelegate.swift in Sources */ = {isa = PBXBuildFile; fileRef = 391AC1B6295D7FBF00DBFA34 /* AppDelegate.swift */; };
		391AC1B9295D7FBF00DBFA34 /* SceneDelegate.swift in Sources */ = {isa = PBXBuildFile; fileRef = 391AC1B8295D7FBF00DBFA34 /* SceneDelegate.swift */; };
		391AC1BB295D7FBF00DBFA34 /* TaskViewController.swift in Sources */ = {isa = PBXBuildFile; fileRef = 391AC1BA295D7FBF00DBFA34 /* TaskViewController.swift */; };
		391AC1BE295D7FBF00DBFA34 /* Main.storyboard in Resources */ = {isa = PBXBuildFile; fileRef = 391AC1BC295D7FBF00DBFA34 /* Main.storyboard */; };
		391AC1C0295D7FC000DBFA34 /* Assets.xcassets in Resources */ = {isa = PBXBuildFile; fileRef = 391AC1BF295D7FC000DBFA34 /* Assets.xcassets */; };
		391AC1C3295D7FC000DBFA34 /* LaunchScreen.storyboard in Resources */ = {isa = PBXBuildFile; fileRef = 391AC1C1295D7FC000DBFA34 /* LaunchScreen.storyboard */; };
		3977C95C295D90A100FE7800 /* MenuSection.swift in Sources */ = {isa = PBXBuildFile; fileRef = 3977C95B295D90A100FE7800 /* MenuSection.swift */; };
		3977C95F295D948600FE7800 /* OnGoingTableViewController.swift in Sources */ = {isa = PBXBuildFile; fileRef = 3977C95E295D948600FE7800 /* OnGoingTableViewController.swift */; };
		3977C961295D949300FE7800 /* DoneTableViewController.swift in Sources */ = {isa = PBXBuildFile; fileRef = 3977C960295D949300FE7800 /* DoneTableViewController.swift */; };
		39B9987C29674AF30082DDD6 /* NewTaskViewModel.swift in Sources */ = {isa = PBXBuildFile; fileRef = 39B9987B29674AF30082DDD6 /* NewTaskViewModel.swift */; };
		B10D41047CF2CC99551C21BC /* Pods_TaskApp.framework in Frameworks */ = {isa = PBXBuildFile; fileRef = B3575E7C8E33152A29B1541D /* Pods_TaskApp.framework */; };
/* End PBXBuildFile section */

/* Begin PBXFileReference section */
		391A946E2960919600802749 /* NewTaskViewController.swift */ = {isa = PBXFileReference; lastKnownFileType = sourcecode.swift; path = NewTaskViewController.swift; sourceTree = "<group>"; };
		391AC1B3295D7FBF00DBFA34 /* TaskApp.app */ = {isa = PBXFileReference; explicitFileType = wrapper.application; includeInIndex = 0; path = TaskApp.app; sourceTree = BUILT_PRODUCTS_DIR; };
		391AC1B6295D7FBF00DBFA34 /* AppDelegate.swift */ = {isa = PBXFileReference; lastKnownFileType = sourcecode.swift; path = AppDelegate.swift; sourceTree = "<group>"; };
		391AC1B8295D7FBF00DBFA34 /* SceneDelegate.swift */ = {isa = PBXFileReference; lastKnownFileType = sourcecode.swift; path = SceneDelegate.swift; sourceTree = "<group>"; };
		391AC1BA295D7FBF00DBFA34 /* TaskViewController.swift */ = {isa = PBXFileReference; lastKnownFileType = sourcecode.swift; path = TaskViewController.swift; sourceTree = "<group>"; };
		391AC1BD295D7FBF00DBFA34 /* Base */ = {isa = PBXFileReference; lastKnownFileType = file.storyboard; name = Base; path = Base.lproj/Main.storyboard; sourceTree = "<group>"; };
		391AC1BF295D7FC000DBFA34 /* Assets.xcassets */ = {isa = PBXFileReference; lastKnownFileType = folder.assetcatalog; path = Assets.xcassets; sourceTree = "<group>"; };
		391AC1C2295D7FC000DBFA34 /* Base */ = {isa = PBXFileReference; lastKnownFileType = file.storyboard; name = Base; path = Base.lproj/LaunchScreen.storyboard; sourceTree = "<group>"; };
		391AC1C4295D7FC000DBFA34 /* Info.plist */ = {isa = PBXFileReference; lastKnownFileType = text.plist.xml; path = Info.plist; sourceTree = "<group>"; };
		3977C95B295D90A100FE7800 /* MenuSection.swift */ = {isa = PBXFileReference; lastKnownFileType = sourcecode.swift; path = MenuSection.swift; sourceTree = "<group>"; };
		3977C95E295D948600FE7800 /* OnGoingTableViewController.swift */ = {isa = PBXFileReference; lastKnownFileType = sourcecode.swift; path = OnGoingTableViewController.swift; sourceTree = "<group>"; };
		3977C960295D949300FE7800 /* DoneTableViewController.swift */ = {isa = PBXFileReference; lastKnownFileType = sourcecode.swift; path = DoneTableViewController.swift; sourceTree = "<group>"; };
		39B9987B29674AF30082DDD6 /* NewTaskViewModel.swift */ = {isa = PBXFileReference; lastKnownFileType = sourcecode.swift; path = NewTaskViewModel.swift; sourceTree = "<group>"; };
		7504D085098A80F74EEEFD7C /* Pods-TaskApp.release.xcconfig */ = {isa = PBXFileReference; includeInIndex = 1; lastKnownFileType = text.xcconfig; name = "Pods-TaskApp.release.xcconfig"; path = "Target Support Files/Pods-TaskApp/Pods-TaskApp.release.xcconfig"; sourceTree = "<group>"; };
		79810FEC441FDFE17C07D3EB /* Pods-TaskApp.debug.xcconfig */ = {isa = PBXFileReference; includeInIndex = 1; lastKnownFileType = text.xcconfig; name = "Pods-TaskApp.debug.xcconfig"; path = "Target Support Files/Pods-TaskApp/Pods-TaskApp.debug.xcconfig"; sourceTree = "<group>"; };
		B3575E7C8E33152A29B1541D /* Pods_TaskApp.framework */ = {isa = PBXFileReference; explicitFileType = wrapper.framework; includeInIndex = 0; path = Pods_TaskApp.framework; sourceTree = BUILT_PRODUCTS_DIR; };
/* End PBXFileReference section */

/* Begin PBXFrameworksBuildPhase section */
		391AC1B0295D7FBF00DBFA34 /* Frameworks */ = {
			isa = PBXFrameworksBuildPhase;
			buildActionMask = 2147483647;
			files = (
				B10D41047CF2CC99551C21BC /* Pods_TaskApp.framework in Frameworks */,
			);
			runOnlyForDeploymentPostprocessing = 0;
		};
/* End PBXFrameworksBuildPhase section */

/* Begin PBXGroup section */
		161ED5C02AF6B7776225B05C /* Frameworks */ = {
			isa = PBXGroup;
			children = (
				B3575E7C8E33152A29B1541D /* Pods_TaskApp.framework */,
			);
			name = Frameworks;
			sourceTree = "<group>";
		};
		391AC1AA295D7FBF00DBFA34 = {
			isa = PBXGroup;
			children = (
				391AC1B5295D7FBF00DBFA34 /* TaskApp */,
				391AC1B4295D7FBF00DBFA34 /* Products */,
				3D2F7C16E9B9FD4A56CD0895 /* Pods */,
				161ED5C02AF6B7776225B05C /* Frameworks */,
			);
			sourceTree = "<group>";
		};
		391AC1B4295D7FBF00DBFA34 /* Products */ = {
			isa = PBXGroup;
			children = (
				391AC1B3295D7FBF00DBFA34 /* TaskApp.app */,
			);
			name = Products;
			sourceTree = "<group>";
		};
		391AC1B5295D7FBF00DBFA34 /* TaskApp */ = {
			isa = PBXGroup;
			children = (
				3977C95D295D946200FE7800 /* Controllers */,
				3977C95A295D908F00FE7800 /* Model */,
				391AC1B6295D7FBF00DBFA34 /* AppDelegate.swift */,
				391AC1B8295D7FBF00DBFA34 /* SceneDelegate.swift */,
				391AC1BC295D7FBF00DBFA34 /* Main.storyboard */,
				391AC1BF295D7FC000DBFA34 /* Assets.xcassets */,
				391AC1C1295D7FC000DBFA34 /* LaunchScreen.storyboard */,
				391AC1C4295D7FC000DBFA34 /* Info.plist */,
			);
			path = TaskApp;
			sourceTree = "<group>";
		};
		3977C95A295D908F00FE7800 /* Model */ = {
			isa = PBXGroup;
			children = (
				3977C95B295D90A100FE7800 /* MenuSection.swift */,
			);
			path = Model;
			sourceTree = "<group>";
		};
		3977C95D295D946200FE7800 /* Controllers */ = {
			isa = PBXGroup;
			children = (
				39B9987A29674AD60082DDD6 /* ViewModel */,
				391AC1BA295D7FBF00DBFA34 /* TaskViewController.swift */,
				3977C95E295D948600FE7800 /* OnGoingTableViewController.swift */,
				3977C960295D949300FE7800 /* DoneTableViewController.swift */,
				391A946E2960919600802749 /* NewTaskViewController.swift */,
			);
			path = Controllers;
			sourceTree = "<group>";
		};
		39B9987A29674AD60082DDD6 /* ViewModel */ = {
			isa = PBXGroup;
			children = (
				39B9987B29674AF30082DDD6 /* NewTaskViewModel.swift */,
			);
			path = ViewModel;
			sourceTree = "<group>";
		};
		3D2F7C16E9B9FD4A56CD0895 /* Pods */ = {
			isa = PBXGroup;
			children = (
				79810FEC441FDFE17C07D3EB /* Pods-TaskApp.debug.xcconfig */,
				7504D085098A80F74EEEFD7C /* Pods-TaskApp.release.xcconfig */,
			);
			path = Pods;
			sourceTree = "<group>";
		};
/* End PBXGroup section */

/* Begin PBXNativeTarget section */
		391AC1B2295D7FBF00DBFA34 /* TaskApp */ = {
			isa = PBXNativeTarget;
			buildConfigurationList = 391AC1C7295D7FC000DBFA34 /* Build configuration list for PBXNativeTarget "TaskApp" */;
			buildPhases = (
				F2BA09B37CEDBD1655CE8F81 /* [CP] Check Pods Manifest.lock */,
				391AC1AF295D7FBF00DBFA34 /* Sources */,
				391AC1B0295D7FBF00DBFA34 /* Frameworks */,
				391AC1B1295D7FBF00DBFA34 /* Resources */,
				C4BA8D7FF8E6F7D43DC8D620 /* [CP] Embed Pods Frameworks */,
			);
			buildRules = (
			);
			dependencies = (
			);
			name = TaskApp;
			productName = TaskApp;
			productReference = 391AC1B3295D7FBF00DBFA34 /* TaskApp.app */;
			productType = "com.apple.product-type.application";
		};
/* End PBXNativeTarget section */

/* Begin PBXProject section */
		391AC1AB295D7FBF00DBFA34 /* Project object */ = {
			isa = PBXProject;
			attributes = {
				BuildIndependentTargetsInParallel = 1;
				LastSwiftUpdateCheck = 1420;
				LastUpgradeCheck = 1420;
				TargetAttributes = {
					391AC1B2295D7FBF00DBFA34 = {
						CreatedOnToolsVersion = 14.2;
					};
				};
			};
			buildConfigurationList = 391AC1AE295D7FBF00DBFA34 /* Build configuration list for PBXProject "TaskApp" */;
			compatibilityVersion = "Xcode 14.0";
			developmentRegion = en;
			hasScannedForEncodings = 0;
			knownRegions = (
				en,
				Base,
			);
			mainGroup = 391AC1AA295D7FBF00DBFA34;
			productRefGroup = 391AC1B4295D7FBF00DBFA34 /* Products */;
			projectDirPath = "";
			projectRoot = "";
			targets = (
				391AC1B2295D7FBF00DBFA34 /* TaskApp */,
			);
		};
/* End PBXProject section */

/* Begin PBXResourcesBuildPhase section */
		391AC1B1295D7FBF00DBFA34 /* Resources */ = {
			isa = PBXResourcesBuildPhase;
			buildActionMask = 2147483647;
			files = (
				391AC1C3295D7FC000DBFA34 /* LaunchScreen.storyboard in Resources */,
				391AC1C0295D7FC000DBFA34 /* Assets.xcassets in Resources */,
				391AC1BE295D7FBF00DBFA34 /* Main.storyboard in Resources */,
			);
			runOnlyForDeploymentPostprocessing = 0;
		};
/* End PBXResourcesBuildPhase section */

/* Begin PBXShellScriptBuildPhase section */
		C4BA8D7FF8E6F7D43DC8D620 /* [CP] Embed Pods Frameworks */ = {
			isa = PBXShellScriptBuildPhase;
			buildActionMask = 2147483647;
			files = (
			);
			inputFileListPaths = (
				"${PODS_ROOT}/Target Support Files/Pods-TaskApp/Pods-TaskApp-frameworks-${CONFIGURATION}-input-files.xcfilelist",
			);
			name = "[CP] Embed Pods Frameworks";
			outputFileListPaths = (
				"${PODS_ROOT}/Target Support Files/Pods-TaskApp/Pods-TaskApp-frameworks-${CONFIGURATION}-output-files.xcfilelist",
			);
			runOnlyForDeploymentPostprocessing = 0;
			shellPath = /bin/sh;
			shellScript = "\"${PODS_ROOT}/Target Support Files/Pods-TaskApp/Pods-TaskApp-frameworks.sh\"\n";
			showEnvVarsInLog = 0;
		};
		F2BA09B37CEDBD1655CE8F81 /* [CP] Check Pods Manifest.lock */ = {
			isa = PBXShellScriptBuildPhase;
			buildActionMask = 2147483647;
			files = (
			);
			inputFileListPaths = (
			);
			inputPaths = (
				"${PODS_PODFILE_DIR_PATH}/Podfile.lock",
				"${PODS_ROOT}/Manifest.lock",
			);
			name = "[CP] Check Pods Manifest.lock";
			outputFileListPaths = (
			);
			outputPaths = (
				"$(DERIVED_FILE_DIR)/Pods-TaskApp-checkManifestLockResult.txt",
			);
			runOnlyForDeploymentPostprocessing = 0;
			shellPath = /bin/sh;
			shellScript = "diff \"${PODS_PODFILE_DIR_PATH}/Podfile.lock\" \"${PODS_ROOT}/Manifest.lock\" > /dev/null\nif [ $? != 0 ] ; then\n    # print error to STDERR\n    echo \"error: The sandbox is not in sync with the Podfile.lock. Run 'pod install' or update your CocoaPods installation.\" >&2\n    exit 1\nfi\n# This output is used by Xcode 'outputs' to avoid re-running this script phase.\necho \"SUCCESS\" > \"${SCRIPT_OUTPUT_FILE_0}\"\n";
			showEnvVarsInLog = 0;
		};
/* End PBXShellScriptBuildPhase section */

/* Begin PBXSourcesBuildPhase section */
		391AC1AF295D7FBF00DBFA34 /* Sources */ = {
			isa = PBXSourcesBuildPhase;
			buildActionMask = 2147483647;
			files = (
				391AC1BB295D7FBF00DBFA34 /* TaskViewController.swift in Sources */,
				391A946F2960919600802749 /* NewTaskViewController.swift in Sources */,
				39B9987C29674AF30082DDD6 /* NewTaskViewModel.swift in Sources */,
				3977C95F295D948600FE7800 /* OnGoingTableViewController.swift in Sources */,
				391AC1B7295D7FBF00DBFA34 /* AppDelegate.swift in Sources */,
				3977C95C295D90A100FE7800 /* MenuSection.swift in Sources */,
				391AC1B9295D7FBF00DBFA34 /* SceneDelegate.swift in Sources */,
				3977C961295D949300FE7800 /* DoneTableViewController.swift in Sources */,
			);
			runOnlyForDeploymentPostprocessing = 0;
		};
/* End PBXSourcesBuildPhase section */

/* Begin PBXVariantGroup section */
		391AC1BC295D7FBF00DBFA34 /* Main.storyboard */ = {
			isa = PBXVariantGroup;
			children = (
				391AC1BD295D7FBF00DBFA34 /* Base */,
			);
			name = Main.storyboard;
			sourceTree = "<group>";
		};
		391AC1C1295D7FC000DBFA34 /* LaunchScreen.storyboard */ = {
			isa = PBXVariantGroup;
			children = (
				391AC1C2295D7FC000DBFA34 /* Base */,
			);
			name = LaunchScreen.storyboard;
			sourceTree = "<group>";
		};
/* End PBXVariantGroup section */

/* Begin XCBuildConfiguration section */
		391AC1C5295D7FC000DBFA34 /* Debug */ = {
			isa = XCBuildConfiguration;
			buildSettings = {
				ALWAYS_SEARCH_USER_PATHS = NO;
				CLANG_ANALYZER_NONNULL = YES;
				CLANG_ANALYZER_NUMBER_OBJECT_CONVERSION = YES_AGGRESSIVE;
				CLANG_CXX_LANGUAGE_STANDARD = "gnu++20";
				CLANG_ENABLE_MODULES = YES;
				CLANG_ENABLE_OBJC_ARC = YES;
				CLANG_ENABLE_OBJC_WEAK = YES;
				CLANG_WARN_BLOCK_CAPTURE_AUTORELEASING = YES;
				CLANG_WARN_BOOL_CONVERSION = YES;
				CLANG_WARN_COMMA = YES;
				CLANG_WARN_CONSTANT_CONVERSION = YES;
				CLANG_WARN_DEPRECATED_OBJC_IMPLEMENTATIONS = YES;
				CLANG_WARN_DIRECT_OBJC_ISA_USAGE = YES_ERROR;
				CLANG_WARN_DOCUMENTATION_COMMENTS = YES;
				CLANG_WARN_EMPTY_BODY = YES;
				CLANG_WARN_ENUM_CONVERSION = YES;
				CLANG_WARN_INFINITE_RECURSION = YES;
				CLANG_WARN_INT_CONVERSION = YES;
				CLANG_WARN_NON_LITERAL_NULL_CONVERSION = YES;
				CLANG_WARN_OBJC_IMPLICIT_RETAIN_SELF = YES;
				CLANG_WARN_OBJC_LITERAL_CONVERSION = YES;
				CLANG_WARN_OBJC_ROOT_CLASS = YES_ERROR;
				CLANG_WARN_QUOTED_INCLUDE_IN_FRAMEWORK_HEADER = YES;
				CLANG_WARN_RANGE_LOOP_ANALYSIS = YES;
				CLANG_WARN_STRICT_PROTOTYPES = YES;
				CLANG_WARN_SUSPICIOUS_MOVE = YES;
				CLANG_WARN_UNGUARDED_AVAILABILITY = YES_AGGRESSIVE;
				CLANG_WARN_UNREACHABLE_CODE = YES;
				CLANG_WARN__DUPLICATE_METHOD_MATCH = YES;
				COPY_PHASE_STRIP = NO;
				DEBUG_INFORMATION_FORMAT = dwarf;
				ENABLE_STRICT_OBJC_MSGSEND = YES;
				ENABLE_TESTABILITY = YES;
				GCC_C_LANGUAGE_STANDARD = gnu11;
				GCC_DYNAMIC_NO_PIC = NO;
				GCC_NO_COMMON_BLOCKS = YES;
				GCC_OPTIMIZATION_LEVEL = 0;
				GCC_PREPROCESSOR_DEFINITIONS = (
					"DEBUG=1",
					"$(inherited)",
				);
				GCC_WARN_64_TO_32_BIT_CONVERSION = YES;
				GCC_WARN_ABOUT_RETURN_TYPE = YES_ERROR;
				GCC_WARN_UNDECLARED_SELECTOR = YES;
				GCC_WARN_UNINITIALIZED_AUTOS = YES_AGGRESSIVE;
				GCC_WARN_UNUSED_FUNCTION = YES;
				GCC_WARN_UNUSED_VARIABLE = YES;
				IPHONEOS_DEPLOYMENT_TARGET = 16.2;
				MTL_ENABLE_DEBUG_INFO = INCLUDE_SOURCE;
				MTL_FAST_MATH = YES;
				ONLY_ACTIVE_ARCH = YES;
				SDKROOT = iphoneos;
				SWIFT_ACTIVE_COMPILATION_CONDITIONS = DEBUG;
				SWIFT_OPTIMIZATION_LEVEL = "-Onone";
			};
			name = Debug;
		};
		391AC1C6295D7FC000DBFA34 /* Release */ = {
			isa = XCBuildConfiguration;
			buildSettings = {
				ALWAYS_SEARCH_USER_PATHS = NO;
				CLANG_ANALYZER_NONNULL = YES;
				CLANG_ANALYZER_NUMBER_OBJECT_CONVERSION = YES_AGGRESSIVE;
				CLANG_CXX_LANGUAGE_STANDARD = "gnu++20";
				CLANG_ENABLE_MODULES = YES;
				CLANG_ENABLE_OBJC_ARC = YES;
				CLANG_ENABLE_OBJC_WEAK = YES;
				CLANG_WARN_BLOCK_CAPTURE_AUTORELEASING = YES;
				CLANG_WARN_BOOL_CONVERSION = YES;
				CLANG_WARN_COMMA = YES;
				CLANG_WARN_CONSTANT_CONVERSION = YES;
				CLANG_WARN_DEPRECATED_OBJC_IMPLEMENTATIONS = YES;
				CLANG_WARN_DIRECT_OBJC_ISA_USAGE = YES_ERROR;
				CLANG_WARN_DOCUMENTATION_COMMENTS = YES;
				CLANG_WARN_EMPTY_BODY = YES;
				CLANG_WARN_ENUM_CONVERSION = YES;
				CLANG_WARN_INFINITE_RECURSION = YES;
				CLANG_WARN_INT_CONVERSION = YES;
				CLANG_WARN_NON_LITERAL_NULL_CONVERSION = YES;
				CLANG_WARN_OBJC_IMPLICIT_RETAIN_SELF = YES;
				CLANG_WARN_OBJC_LITERAL_CONVERSION = YES;
				CLANG_WARN_OBJC_ROOT_CLASS = YES_ERROR;
				CLANG_WARN_QUOTED_INCLUDE_IN_FRAMEWORK_HEADER = YES;
				CLANG_WARN_RANGE_LOOP_ANALYSIS = YES;
				CLANG_WARN_STRICT_PROTOTYPES = YES;
				CLANG_WARN_SUSPICIOUS_MOVE = YES;
				CLANG_WARN_UNGUARDED_AVAILABILITY = YES_AGGRESSIVE;
				CLANG_WARN_UNREACHABLE_CODE = YES;
				CLANG_WARN__DUPLICATE_METHOD_MATCH = YES;
				COPY_PHASE_STRIP = NO;
				DEBUG_INFORMATION_FORMAT = "dwarf-with-dsym";
				ENABLE_NS_ASSERTIONS = NO;
				ENABLE_STRICT_OBJC_MSGSEND = YES;
				GCC_C_LANGUAGE_STANDARD = gnu11;
				GCC_NO_COMMON_BLOCKS = YES;
				GCC_WARN_64_TO_32_BIT_CONVERSION = YES;
				GCC_WARN_ABOUT_RETURN_TYPE = YES_ERROR;
				GCC_WARN_UNDECLARED_SELECTOR = YES;
				GCC_WARN_UNINITIALIZED_AUTOS = YES_AGGRESSIVE;
				GCC_WARN_UNUSED_FUNCTION = YES;
				GCC_WARN_UNUSED_VARIABLE = YES;
				IPHONEOS_DEPLOYMENT_TARGET = 16.2;
				MTL_ENABLE_DEBUG_INFO = NO;
				MTL_FAST_MATH = YES;
				SDKROOT = iphoneos;
				SWIFT_COMPILATION_MODE = wholemodule;
				SWIFT_OPTIMIZATION_LEVEL = "-O";
				VALIDATE_PRODUCT = YES;
			};
			name = Release;
		};
		391AC1C8295D7FC000DBFA34 /* Debug */ = {
			isa = XCBuildConfiguration;
			baseConfigurationReference = 79810FEC441FDFE17C07D3EB /* Pods-TaskApp.debug.xcconfig */;
			buildSettings = {
				ASSETCATALOG_COMPILER_APPICON_NAME = AppIcon;
				ASSETCATALOG_COMPILER_GLOBAL_ACCENT_COLOR_NAME = AccentColor;
				CODE_SIGN_STYLE = Automatic;
				CURRENT_PROJECT_VERSION = 1;
				DEVELOPMENT_TEAM = KF6LAFD8BG;
				GENERATE_INFOPLIST_FILE = YES;
				INFOPLIST_FILE = TaskApp/Info.plist;
				INFOPLIST_KEY_UIApplicationSupportsIndirectInputEvents = YES;
				INFOPLIST_KEY_UILaunchStoryboardName = LaunchScreen;
				INFOPLIST_KEY_UIMainStoryboardFile = Main;
				INFOPLIST_KEY_UISupportedInterfaceOrientations_iPad = "UIInterfaceOrientationPortrait UIInterfaceOrientationPortraitUpsideDown UIInterfaceOrientationLandscapeLeft UIInterfaceOrientationLandscapeRight";
				INFOPLIST_KEY_UISupportedInterfaceOrientations_iPhone = "UIInterfaceOrientationPortrait UIInterfaceOrientationLandscapeLeft UIInterfaceOrientationLandscapeRight";
				LD_RUNPATH_SEARCH_PATHS = (
					"$(inherited)",
					"@executable_path/Frameworks",
				);
				MARKETING_VERSION = 1.0;
				PRODUCT_BUNDLE_IDENTIFIER = com.junaid.TaskApp;
				PRODUCT_NAME = "$(TARGET_NAME)";
				SUPPORTED_PLATFORMS = "iphoneos iphonesimulator";
				SUPPORTS_MACCATALYST = NO;
				SUPPORTS_MAC_DESIGNED_FOR_IPHONE_IPAD = NO;
				SWIFT_EMIT_LOC_STRINGS = YES;
				SWIFT_VERSION = 5.0;
				TARGETED_DEVICE_FAMILY = 1;
			};
			name = Debug;
		};
		391AC1C9295D7FC000DBFA34 /* Release */ = {
			isa = XCBuildConfiguration;
			baseConfigurationReference = 7504D085098A80F74EEEFD7C /* Pods-TaskApp.release.xcconfig */;
			buildSettings = {
				ASSETCATALOG_COMPILER_APPICON_NAME = AppIcon;
				ASSETCATALOG_COMPILER_GLOBAL_ACCENT_COLOR_NAME = AccentColor;
				CODE_SIGN_STYLE = Automatic;
				CURRENT_PROJECT_VERSION = 1;
				DEVELOPMENT_TEAM = KF6LAFD8BG;
				GENERATE_INFOPLIST_FILE = YES;
				INFOPLIST_FILE = TaskApp/Info.plist;
				INFOPLIST_KEY_UIApplicationSupportsIndirectInputEvents = YES;
				INFOPLIST_KEY_UILaunchStoryboardName = LaunchScreen;
				INFOPLIST_KEY_UIMainStoryboardFile = Main;
				INFOPLIST_KEY_UISupportedInterfaceOrientations_iPad = "UIInterfaceOrientationPortrait UIInterfaceOrientationPortraitUpsideDown UIInterfaceOrientationLandscapeLeft UIInterfaceOrientationLandscapeRight";
				INFOPLIST_KEY_UISupportedInterfaceOrientations_iPhone = "UIInterfaceOrientationPortrait UIInterfaceOrientationLandscapeLeft UIInterfaceOrientationLandscapeRight";
				LD_RUNPATH_SEARCH_PATHS = (
					"$(inherited)",
					"@executable_path/Frameworks",
				);
				MARKETING_VERSION = 1.0;
				PRODUCT_BUNDLE_IDENTIFIER = com.junaid.TaskApp;
				PRODUCT_NAME = "$(TARGET_NAME)";
				SUPPORTED_PLATFORMS = "iphoneos iphonesimulator";
				SUPPORTS_MACCATALYST = NO;
				SUPPORTS_MAC_DESIGNED_FOR_IPHONE_IPAD = NO;
				SWIFT_EMIT_LOC_STRINGS = YES;
				SWIFT_VERSION = 5.0;
				TARGETED_DEVICE_FAMILY = 1;
			};
			name = Release;
		};
/* End XCBuildConfiguration section */

/* Begin XCConfigurationList section */
		391AC1AE295D7FBF00DBFA34 /* Build configuration list for PBXProject "TaskApp" */ = {
			isa = XCConfigurationList;
			buildConfigurations = (
				391AC1C5295D7FC000DBFA34 /* Debug */,
				391AC1C6295D7FC000DBFA34 /* Release */,
			);
			defaultConfigurationIsVisible = 0;
			defaultConfigurationName = Release;
		};
		391AC1C7295D7FC000DBFA34 /* Build configuration list for PBXNativeTarget "TaskApp" */ = {
			isa = XCConfigurationList;
			buildConfigurations = (
				391AC1C8295D7FC000DBFA34 /* Debug */,
				391AC1C9295D7FC000DBFA34 /* Release */,
			);
			defaultConfigurationIsVisible = 0;
			defaultConfigurationName = Release;
		};
/* End XCConfigurationList section */
	};
	rootObject = 391AC1AB295D7FBF00DBFA34 /* Project object */;
}
